// !$*UTF8*$!
{
	archiveVersion = 1;
	classes = {
	};
	objectVersion = 46;
	objects = {

/* Begin PBXBuildFile section */
		A02BDBCC1BFF5A880000D23A /* AppDelegate.swift in Sources */ = {isa = PBXBuildFile; fileRef = A02BDBCB1BFF5A880000D23A /* AppDelegate.swift */; };
		A02BDBCE1BFF5A880000D23A /* ViewController.swift in Sources */ = {isa = PBXBuildFile; fileRef = A02BDBCD1BFF5A880000D23A /* ViewController.swift */; };
		A02BDBD11BFF5A880000D23A /* Main.storyboard in Resources */ = {isa = PBXBuildFile; fileRef = A02BDBCF1BFF5A880000D23A /* Main.storyboard */; };
		A02BDBD31BFF5A880000D23A /* Assets.xcassets in Resources */ = {isa = PBXBuildFile; fileRef = A02BDBD21BFF5A880000D23A /* Assets.xcassets */; };
		A02BDBD61BFF5A880000D23A /* LaunchScreen.storyboard in Resources */ = {isa = PBXBuildFile; fileRef = A02BDBD41BFF5A880000D23A /* LaunchScreen.storyboard */; };
		A02BDBDE1BFF5C710000D23A /* music.mp3 in Resources */ = {isa = PBXBuildFile; fileRef = A02BDBDD1BFF5C710000D23A /* music.mp3 */; };
		A02BDBE01BFF5C770000D23A /* img.jpeg in Resources */ = {isa = PBXBuildFile; fileRef = A02BDBDF1BFF5C770000D23A /* img.jpeg */; };
		A02BDBE21C0028D10000D23A /* TestSingleViewController.swift in Sources */ = {isa = PBXBuildFile; fileRef = A02BDBE11C0028D10000D23A /* TestSingleViewController.swift */; };
		A02BDBE41C0036A70000D23A /* README.md in Sources */ = {isa = PBXBuildFile; fileRef = A02BDBE31C0036A70000D23A /* README.md */; };
/* End PBXBuildFile section */

/* Begin PBXFileReference section */
		A02BDBC81BFF5A880000D23A /* MediaDemo.app */ = {isa = PBXFileReference; explicitFileType = wrapper.application; includeInIndex = 0; path = MediaDemo.app; sourceTree = BUILT_PRODUCTS_DIR; };
		A02BDBCB1BFF5A880000D23A /* AppDelegate.swift */ = {isa = PBXFileReference; lastKnownFileType = sourcecode.swift; path = AppDelegate.swift; sourceTree = "<group>"; };
		A02BDBCD1BFF5A880000D23A /* ViewController.swift */ = {isa = PBXFileReference; lastKnownFileType = sourcecode.swift; path = ViewController.swift; sourceTree = "<group>"; };
		A02BDBD01BFF5A880000D23A /* Base */ = {isa = PBXFileReference; lastKnownFileType = file.storyboard; name = Base; path = Base.lproj/Main.storyboard; sourceTree = "<group>"; };
		A02BDBD21BFF5A880000D23A /* Assets.xcassets */ = {isa = PBXFileReference; lastKnownFileType = folder.assetcatalog; path = Assets.xcassets; sourceTree = "<group>"; };
		A02BDBD51BFF5A880000D23A /* Base */ = {isa = PBXFileReference; lastKnownFileType = file.storyboard; name = Base; path = Base.lproj/LaunchScreen.storyboard; sourceTree = "<group>"; };
		A02BDBD71BFF5A880000D23A /* Info.plist */ = {isa = PBXFileReference; lastKnownFileType = text.plist.xml; path = Info.plist; sourceTree = "<group>"; };
		A02BDBDD1BFF5C710000D23A /* music.mp3 */ = {isa = PBXFileReference; lastKnownFileType = audio.mp3; path = music.mp3; sourceTree = "<group>"; };
		A02BDBDF1BFF5C770000D23A /* img.jpeg */ = {isa = PBXFileReference; lastKnownFileType = image.jpeg; path = img.jpeg; sourceTree = "<group>"; };
		A02BDBE11C0028D10000D23A /* TestSingleViewController.swift */ = {isa = PBXFileReference; fileEncoding = 4; lastKnownFileType = sourcecode.swift; path = TestSingleViewController.swift; sourceTree = "<group>"; };
		A02BDBE31C0036A70000D23A /* README.md */ = {isa = PBXFileReference; fileEncoding = 4; lastKnownFileType = net.daringfireball.markdown; path = README.md; sourceTree = "<group>"; };
/* End PBXFileReference section */

/* Begin PBXFrameworksBuildPhase section */
		A02BDBC51BFF5A870000D23A /* Frameworks */ = {
			isa = PBXFrameworksBuildPhase;
			buildActionMask = 2147483647;
			files = (
			);
			runOnlyForDeploymentPostprocessing = 0;
		};
/* End PBXFrameworksBuildPhase section */

/* Begin PBXGroup section */
		A02BDBBF1BFF5A870000D23A = {
			isa = PBXGroup;
			children = (
				A02BDBE31C0036A70000D23A /* README.md */,
				A02BDBCA1BFF5A880000D23A /* MediaDemo */,
				A02BDBC91BFF5A880000D23A /* Products */,
			);
			sourceTree = "<group>";
		};
		A02BDBC91BFF5A880000D23A /* Products */ = {
			isa = PBXGroup;
			children = (
				A02BDBC81BFF5A880000D23A /* MediaDemo.app */,
			);
			name = Products;
			sourceTree = "<group>";
		};
		A02BDBCA1BFF5A880000D23A /* MediaDemo */ = {
			isa = PBXGroup;
			children = (
				A02BDBCB1BFF5A880000D23A /* AppDelegate.swift */,
				A02BDBCD1BFF5A880000D23A /* ViewController.swift */,
				A02BDBE11C0028D10000D23A /* TestSingleViewController.swift */,
				A02BDBCF1BFF5A880000D23A /* Main.storyboard */,
				A02BDBDF1BFF5C770000D23A /* img.jpeg */,
				A02BDBD21BFF5A880000D23A /* Assets.xcassets */,
				A02BDBDD1BFF5C710000D23A /* music.mp3 */,
				A02BDBD41BFF5A880000D23A /* LaunchScreen.storyboard */,
				A02BDBD71BFF5A880000D23A /* Info.plist */,
			);
			path = MediaDemo;
			sourceTree = "<group>";
		};
/* End PBXGroup section */

/* Begin PBXNativeTarget section */
		A02BDBC71BFF5A870000D23A /* MediaDemo */ = {
			isa = PBXNativeTarget;
			buildConfigurationList = A02BDBDA1BFF5A880000D23A /* Build configuration list for PBXNativeTarget "MediaDemo" */;
			buildPhases = (
				A02BDBC41BFF5A870000D23A /* Sources */,
				A02BDBC51BFF5A870000D23A /* Frameworks */,
				A02BDBC61BFF5A870000D23A /* Resources */,
			);
			buildRules = (
			);
			dependencies = (
			);
			name = MediaDemo;
			productName = MediaDemo;
			productReference = A02BDBC81BFF5A880000D23A /* MediaDemo.app */;
			productType = "com.apple.product-type.application";
		};
/* End PBXNativeTarget section */

/* Begin PBXProject section */
		A02BDBC01BFF5A870000D23A /* Project object */ = {
			isa = PBXProject;
			attributes = {
				LastSwiftUpdateCheck = 0710;
				LastUpgradeCheck = 0710;
				ORGANIZATIONNAME = AppCode;
				TargetAttributes = {
					A02BDBC71BFF5A870000D23A = {
						CreatedOnToolsVersion = 7.1;
						DevelopmentTeam = 8ZGEZ5X9CC;
					};
				};
			};
			buildConfigurationList = A02BDBC31BFF5A870000D23A /* Build configuration list for PBXProject "MediaDemo" */;
			compatibilityVersion = "Xcode 3.2";
			developmentRegion = English;
			hasScannedForEncodings = 0;
			knownRegions = (
				en,
				Base,
			);
			mainGroup = A02BDBBF1BFF5A870000D23A;
			productRefGroup = A02BDBC91BFF5A880000D23A /* Products */;
			projectDirPath = "";
			projectRoot = "";
			targets = (
				A02BDBC71BFF5A870000D23A /* MediaDemo */,
			);
		};
/* End PBXProject section */

/* Begin PBXResourcesBuildPhase section */
		A02BDBC61BFF5A870000D23A /* Resources */ = {
			isa = PBXResourcesBuildPhase;
			buildActionMask = 2147483647;
			files = (
				A02BDBE01BFF5C770000D23A /* img.jpeg in Resources */,
				A02BDBDE1BFF5C710000D23A /* music.mp3 in Resources */,
				A02BDBD61BFF5A880000D23A /* LaunchScreen.storyboard in Resources */,
				A02BDBD31BFF5A880000D23A /* Assets.xcassets in Resources */,
				A02BDBD11BFF5A880000D23A /* Main.storyboard in Resources */,
			);
			runOnlyForDeploymentPostprocessing = 0;
		};
/* End PBXResourcesBuildPhase section */

/* Begin PBXSourcesBuildPhase section */
		A02BDBC41BFF5A870000D23A /* Sources */ = {
			isa = PBXSourcesBuildPhase;
			buildActionMask = 2147483647;
			files = (
				A02BDBCE1BFF5A880000D23A /* ViewController.swift in Sources */,
				A02BDBE21C0028D10000D23A /* TestSingleViewController.swift in Sources */,
				A02BDBE41C0036A70000D23A /* README.md in Sources */,
				A02BDBCC1BFF5A880000D23A /* AppDelegate.swift in Sources */,
			);
			runOnlyForDeploymentPostprocessing = 0;
		};
/* End PBXSourcesBuildPhase section */

/* Begin PBXVariantGroup section */
		A02BDBCF1BFF5A880000D23A /* Main.storyboard */ = {
			isa = PBXVariantGroup;
			children = (
				A02BDBD01BFF5A880000D23A /* Base */,
			);
			name = Main.storyboard;
			sourceTree = "<group>";
		};
		A02BDBD41BFF5A880000D23A /* LaunchScreen.storyboard */ = {
			isa = PBXVariantGroup;
			children = (
				A02BDBD51BFF5A880000D23A /* Base */,
			);
			name = LaunchScreen.storyboard;
			sourceTree = "<group>";
		};
/* End PBXVariantGroup section */

/* Begin XCBuildConfiguration section */
		A02BDBD81BFF5A880000D23A /* Debug */ = {
			isa = XCBuildConfiguration;
			buildSettings = {
				ALWAYS_SEARCH_USER_PATHS = NO;
				CLANG_CXX_LANGUAGE_STANDARD = "gnu++0x";
				CLANG_CXX_LIBRARY = "libc++";
				CLANG_ENABLE_MODULES = YES;
				CLANG_ENABLE_OBJC_ARC = YES;
				CLANG_WARN_BOOL_CONVERSION = YES;
				CLANG_WARN_CONSTANT_CONVERSION = YES;
				CLANG_WARN_DIRECT_OBJC_ISA_USAGE = YES_ERROR;
				CLANG_WARN_EMPTY_BODY = YES;
				CLANG_WARN_ENUM_CONVERSION = YES;
				CLANG_WARN_INT_CONVERSION = YES;
				CLANG_WARN_OBJC_ROOT_CLASS = YES_ERROR;
				CLANG_WARN_UNREACHABLE_CODE = YES;
				CLANG_WARN__DUPLICATE_METHOD_MATCH = YES;
				"CODE_SIGN_IDENTITY[sdk=iphoneos*]" = "iPhone Developer";
				COPY_PHASE_STRIP = NO;
				DEBUG_INFORMATION_FORMAT = dwarf;
				ENABLE_STRICT_OBJC_MSGSEND = YES;
				ENABLE_TESTABILITY = YES;
				GCC_C_LANGUAGE_STANDARD = gnu99;
				GCC_DYNAMIC_NO_PIC = NO;
				GCC_NO_COMMON_BLOCKS = YES;
				GCC_OPTIMIZATION_LEVEL = 0;
				GCC_PREPROCESSOR_DEFINITIONS = (
					"DEBUG=1",
					"$(inherited)",
				);
				GCC_WARN_64_TO_32_BIT_CONVERSION = YES;
				GCC_WARN_ABOUT_RETURN_TYPE = YES_ERROR;
				GCC_WARN_UNDECLARED_SELECTOR = YES;
				GCC_WARN_UNINITIALIZED_AUTOS = YES_AGGRESSIVE;
				GCC_WARN_UNUSED_FUNCTION = YES;
				GCC_WARN_UNUSED_VARIABLE = YES;
				IPHONEOS_DEPLOYMENT_TARGET = 9.1;
				MTL_ENABLE_DEBUG_INFO = YES;
				ONLY_ACTIVE_ARCH = YES;
				SDKROOT = iphoneos;
				SWIFT_OPTIMIZATION_LEVEL = "-Onone";
			};
			name = Debug;
		};
		A02BDBD91BFF5A880000D23A /* Release */ = {
			isa = XCBuildConfiguration;
			buildSettings = {
				ALWAYS_SEARCH_USER_PATHS = NO;
				CLANG_CXX_LANGUAGE_STANDARD = "gnu++0x";
				CLANG_CXX_LIBRARY = "libc++";
				CLANG_ENABLE_MODULES = YES;
				CLANG_ENABLE_OBJC_ARC = YES;
				CLANG_WARN_BOOL_CONVERSION = YES;
				CLANG_WARN_CONSTANT_CONVERSION = YES;
				CLANG_WARN_DIRECT_OBJC_ISA_USAGE = YES_ERROR;
				CLANG_WARN_EMPTY_BODY = YES;
				CLANG_WARN_ENUM_CONVERSION = YES;
				CLANG_WARN_INT_CONVERSION = YES;
				CLANG_WARN_OBJC_ROOT_CLASS = YES_ERROR;
				CLANG_WARN_UNREACHABLE_CODE = YES;
				CLANG_WARN__DUPLICATE_METHOD_MATCH = YES;
				"CODE_SIGN_IDENTITY[sdk=iphoneos*]" = "iPhone Developer";
				COPY_PHASE_STRIP = NO;
				DEBUG_INFORMATION_FORMAT = "dwarf-with-dsym";
				ENABLE_NS_ASSERTIONS = NO;
				ENABLE_STRICT_OBJC_MSGSEND = YES;
				GCC_C_LANGUAGE_STANDARD = gnu99;
				GCC_NO_COMMON_BLOCKS = YES;
				GCC_WARN_64_TO_32_BIT_CONVERSION = YES;
				GCC_WARN_ABOUT_RETURN_TYPE = YES_ERROR;
				GCC_WARN_UNDECLARED_SELECTOR = YES;
				GCC_WARN_UNINITIALIZED_AUTOS = YES_AGGRESSIVE;
				GCC_WARN_UNUSED_FUNCTION = YES;
				GCC_WARN_UNUSED_VARIABLE = YES;
				IPHONEOS_DEPLOYMENT_TARGET = 9.1;
				MTL_ENABLE_DEBUG_INFO = NO;
				SDKROOT = iphoneos;
				VALIDATE_PRODUCT = YES;
			};
			name = Release;
		};
		A02BDBDB1BFF5A880000D23A /* Debug */ = {
			isa = XCBuildConfiguration;
			buildSettings = {
				ASSETCATALOG_COMPILER_APPICON_NAME = AppIcon;
				INFOPLIST_FILE = MediaDemo/Info.plist;
				LD_RUNPATH_SEARCH_PATHS = "$(inherited) @executable_path/Frameworks";
				PRODUCT_BUNDLE_IDENTIFIER = edu.self.MediaDemo;
				PRODUCT_NAME = "$(TARGET_NAME)";
			};
			name = Debug;
		};
		A02BDBDC1BFF5A880000D23A /* Release */ = {
			isa = XCBuildConfiguration;
			buildSettings = {
				ASSETCATALOG_COMPILER_APPICON_NAME = AppIcon;
				INFOPLIST_FILE = MediaDemo/Info.plist;
				LD_RUNPATH_SEARCH_PATHS = "$(inherited) @executable_path/Frameworks";
				PRODUCT_BUNDLE_IDENTIFIER = edu.self.MediaDemo;
				PRODUCT_NAME = "$(TARGET_NAME)";
			};
			name = Release;
		};
/* End XCBuildConfiguration section */

/* Begin XCConfigurationList section */
		A02BDBC31BFF5A870000D23A /* Build configuration list for PBXProject "MediaDemo" */ = {
			isa = XCConfigurationList;
			buildConfigurations = (
				A02BDBD81BFF5A880000D23A /* Debug */,
				A02BDBD91BFF5A880000D23A /* Release */,
			);
			defaultConfigurationIsVisible = 0;
			defaultConfigurationName = Release;
		};
		A02BDBDA1BFF5A880000D23A /* Build configuration list for PBXNativeTarget "MediaDemo" */ = {
			isa = XCConfigurationList;
			buildConfigurations = (
				A02BDBDB1BFF5A880000D23A /* Debug */,
				A02BDBDC1BFF5A880000D23A /* Release */,
			);
			defaultConfigurationIsVisible = 0;
		};
/* End XCConfigurationList section */
	};
	rootObject = A02BDBC01BFF5A870000D23A /* Project object */;
}
